// !$*UTF8*$!
{
	archiveVersion = 1;
	classes = {
	};
	objectVersion = 55;
	objects = {

/* Begin PBXBuildFile section */
		601BCE8A2752C05800D81501 /* FructusApp.swift in Sources */ = {isa = PBXBuildFile; fileRef = 601BCE892752C05800D81501 /* FructusApp.swift */; };
		601BCE8C2752C05800D81501 /* ContentView.swift in Sources */ = {isa = PBXBuildFile; fileRef = 601BCE8B2752C05800D81501 /* ContentView.swift */; };
		601BCE8E2752C05900D81501 /* Assets.xcassets in Resources */ = {isa = PBXBuildFile; fileRef = 601BCE8D2752C05900D81501 /* Assets.xcassets */; };
		601BCE912752C05900D81501 /* Preview Assets.xcassets in Resources */ = {isa = PBXBuildFile; fileRef = 601BCE902752C05900D81501 /* Preview Assets.xcassets */; };
		601BCE9A2752C4F500D81501 /* FruitCardView.swift in Sources */ = {isa = PBXBuildFile; fileRef = 601BCE992752C4F500D81501 /* FruitCardView.swift */; };
		601BCE9C2752C93A00D81501 /* StartButtonView.swift in Sources */ = {isa = PBXBuildFile; fileRef = 601BCE9B2752C93A00D81501 /* StartButtonView.swift */; };
		601BCE9E2752CCA700D81501 /* OnBordingView.swift in Sources */ = {isa = PBXBuildFile; fileRef = 601BCE9D2752CCA700D81501 /* OnBordingView.swift */; };
		601BCEA12752CEE500D81501 /* FruitModel.swift in Sources */ = {isa = PBXBuildFile; fileRef = 601BCEA02752CEE500D81501 /* FruitModel.swift */; };
		601BCEA42752CF9E00D81501 /* FruitData.swift in Sources */ = {isa = PBXBuildFile; fileRef = 601BCEA32752CF9E00D81501 /* FruitData.swift */; };
		601BCEA62752D86900D81501 /* FruitRowView.swift in Sources */ = {isa = PBXBuildFile; fileRef = 601BCEA52752D86900D81501 /* FruitRowView.swift */; };
		60A561D627541F86001FD5AC /* FruitDetailView.swift in Sources */ = {isa = PBXBuildFile; fileRef = 60A561D527541F86001FD5AC /* FruitDetailView.swift */; };
		60A561D8275424C8001FD5AC /* FruitHeaderView.swift in Sources */ = {isa = PBXBuildFile; fileRef = 60A561D7275424C8001FD5AC /* FruitHeaderView.swift */; };
		60C2B8F327550C5600F01C48 /* SourceLinkView.swift in Sources */ = {isa = PBXBuildFile; fileRef = 60C2B8F227550C5600F01C48 /* SourceLinkView.swift */; };
		60C2B8F527550F6700F01C48 /* FruitNutrientsView.swift in Sources */ = {isa = PBXBuildFile; fileRef = 60C2B8F427550F6700F01C48 /* FruitNutrientsView.swift */; };
		60C2B8F7275512F700F01C48 /* SettingView.swift in Sources */ = {isa = PBXBuildFile; fileRef = 60C2B8F6275512F700F01C48 /* SettingView.swift */; };
		60C2B8F9275514A700F01C48 /* SettingsLabelView.swift in Sources */ = {isa = PBXBuildFile; fileRef = 60C2B8F8275514A700F01C48 /* SettingsLabelView.swift */; };
		60C2B8FB2755151500F01C48 /* SettingsRowView.swift in Sources */ = {isa = PBXBuildFile; fileRef = 60C2B8FA2755151500F01C48 /* SettingsRowView.swift */; };
/* End PBXBuildFile section */

/* Begin PBXFileReference section */
		601BCE862752C05800D81501 /* Fructus.app */ = {isa = PBXFileReference; explicitFileType = wrapper.application; includeInIndex = 0; path = Fructus.app; sourceTree = BUILT_PRODUCTS_DIR; };
		601BCE892752C05800D81501 /* FructusApp.swift */ = {isa = PBXFileReference; lastKnownFileType = sourcecode.swift; path = FructusApp.swift; sourceTree = "<group>"; };
		601BCE8B2752C05800D81501 /* ContentView.swift */ = {isa = PBXFileReference; lastKnownFileType = sourcecode.swift; path = ContentView.swift; sourceTree = "<group>"; };
		601BCE8D2752C05900D81501 /* Assets.xcassets */ = {isa = PBXFileReference; lastKnownFileType = folder.assetcatalog; path = Assets.xcassets; sourceTree = "<group>"; };
		601BCE902752C05900D81501 /* Preview Assets.xcassets */ = {isa = PBXFileReference; lastKnownFileType = folder.assetcatalog; path = "Preview Assets.xcassets"; sourceTree = "<group>"; };
		601BCE992752C4F500D81501 /* FruitCardView.swift */ = {isa = PBXFileReference; lastKnownFileType = sourcecode.swift; path = FruitCardView.swift; sourceTree = "<group>"; };
		601BCE9B2752C93A00D81501 /* StartButtonView.swift */ = {isa = PBXFileReference; lastKnownFileType = sourcecode.swift; path = StartButtonView.swift; sourceTree = "<group>"; };
		601BCE9D2752CCA700D81501 /* OnBordingView.swift */ = {isa = PBXFileReference; lastKnownFileType = sourcecode.swift; path = OnBordingView.swift; sourceTree = "<group>"; };
		601BCEA02752CEE500D81501 /* FruitModel.swift */ = {isa = PBXFileReference; lastKnownFileType = sourcecode.swift; path = FruitModel.swift; sourceTree = "<group>"; };
		601BCEA32752CF9E00D81501 /* FruitData.swift */ = {isa = PBXFileReference; lastKnownFileType = sourcecode.swift; path = FruitData.swift; sourceTree = "<group>"; };
		601BCEA52752D86900D81501 /* FruitRowView.swift */ = {isa = PBXFileReference; lastKnownFileType = sourcecode.swift; path = FruitRowView.swift; sourceTree = "<group>"; };
		60A561D527541F86001FD5AC /* FruitDetailView.swift */ = {isa = PBXFileReference; lastKnownFileType = sourcecode.swift; path = FruitDetailView.swift; sourceTree = "<group>"; };
		60A561D7275424C8001FD5AC /* FruitHeaderView.swift */ = {isa = PBXFileReference; lastKnownFileType = sourcecode.swift; path = FruitHeaderView.swift; sourceTree = "<group>"; };
		60C2B8F227550C5600F01C48 /* SourceLinkView.swift */ = {isa = PBXFileReference; lastKnownFileType = sourcecode.swift; path = SourceLinkView.swift; sourceTree = "<group>"; };
		60C2B8F427550F6700F01C48 /* FruitNutrientsView.swift */ = {isa = PBXFileReference; lastKnownFileType = sourcecode.swift; path = FruitNutrientsView.swift; sourceTree = "<group>"; };
		60C2B8F6275512F700F01C48 /* SettingView.swift */ = {isa = PBXFileReference; lastKnownFileType = sourcecode.swift; path = SettingView.swift; sourceTree = "<group>"; };
		60C2B8F8275514A700F01C48 /* SettingsLabelView.swift */ = {isa = PBXFileReference; lastKnownFileType = sourcecode.swift; path = SettingsLabelView.swift; sourceTree = "<group>"; };
		60C2B8FA2755151500F01C48 /* SettingsRowView.swift */ = {isa = PBXFileReference; lastKnownFileType = sourcecode.swift; path = SettingsRowView.swift; sourceTree = "<group>"; };
/* End PBXFileReference section */

/* Begin PBXFrameworksBuildPhase section */
		601BCE832752C05800D81501 /* Frameworks */ = {
			isa = PBXFrameworksBuildPhase;
			buildActionMask = 2147483647;
			files = (
			);
			runOnlyForDeploymentPostprocessing = 0;
		};
/* End PBXFrameworksBuildPhase section */

/* Begin PBXGroup section */
		601BCE7D2752C05800D81501 = {
			isa = PBXGroup;
			children = (
				601BCE882752C05800D81501 /* Fructus */,
				601BCE872752C05800D81501 /* Products */,
			);
			sourceTree = "<group>";
		};
		601BCE872752C05800D81501 /* Products */ = {
			isa = PBXGroup;
			children = (
				601BCE862752C05800D81501 /* Fructus.app */,
			);
			name = Products;
			sourceTree = "<group>";
		};
		601BCE882752C05800D81501 /* Fructus */ = {
			isa = PBXGroup;
			children = (
				601BCEA22752CF8B00D81501 /* Data */,
				601BCE9F2752CEC200D81501 /* Model */,
				601BCE982752C4D300D81501 /* View */,
				601BCE972752C49800D81501 /* App */,
				601BCE8D2752C05900D81501 /* Assets.xcassets */,
				601BCE8F2752C05900D81501 /* Preview Content */,
			);
			path = Fructus;
			sourceTree = "<group>";
		};
		601BCE8F2752C05900D81501 /* Preview Content */ = {
			isa = PBXGroup;
			children = (
				601BCE902752C05900D81501 /* Preview Assets.xcassets */,
			);
			path = "Preview Content";
			sourceTree = "<group>";
		};
		601BCE972752C49800D81501 /* App */ = {
			isa = PBXGroup;
			children = (
				60C2B8F6275512F700F01C48 /* SettingView.swift */,
				601BCE892752C05800D81501 /* FructusApp.swift */,
				601BCE8B2752C05800D81501 /* ContentView.swift */,
				601BCE9D2752CCA700D81501 /* OnBordingView.swift */,
				60A561D527541F86001FD5AC /* FruitDetailView.swift */,
			);
			path = App;
			sourceTree = "<group>";
		};
		601BCE982752C4D300D81501 /* View */ = {
			isa = PBXGroup;
			children = (
				601BCE992752C4F500D81501 /* FruitCardView.swift */,
				601BCE9B2752C93A00D81501 /* StartButtonView.swift */,
				601BCEA52752D86900D81501 /* FruitRowView.swift */,
				60A561D7275424C8001FD5AC /* FruitHeaderView.swift */,
				60C2B8F227550C5600F01C48 /* SourceLinkView.swift */,
				60C2B8F427550F6700F01C48 /* FruitNutrientsView.swift */,
				60C2B8F8275514A700F01C48 /* SettingsLabelView.swift */,
				60C2B8FA2755151500F01C48 /* SettingsRowView.swift */,
			);
			path = View;
			sourceTree = "<group>";
		};
		601BCE9F2752CEC200D81501 /* Model */ = {
			isa = PBXGroup;
			children = (
				601BCEA02752CEE500D81501 /* FruitModel.swift */,
			);
			path = Model;
			sourceTree = "<group>";
		};
		601BCEA22752CF8B00D81501 /* Data */ = {
			isa = PBXGroup;
			children = (
				601BCEA32752CF9E00D81501 /* FruitData.swift */,
			);
			path = Data;
			sourceTree = "<group>";
		};
/* End PBXGroup section */

/* Begin PBXNativeTarget section */
		601BCE852752C05800D81501 /* Fructus */ = {
			isa = PBXNativeTarget;
			buildConfigurationList = 601BCE942752C05900D81501 /* Build configuration list for PBXNativeTarget "Fructus" */;
			buildPhases = (
				601BCE822752C05800D81501 /* Sources */,
				601BCE832752C05800D81501 /* Frameworks */,
				601BCE842752C05800D81501 /* Resources */,
			);
			buildRules = (
			);
			dependencies = (
			);
			name = Fructus;
			productName = Fructus;
			productReference = 601BCE862752C05800D81501 /* Fructus.app */;
			productType = "com.apple.product-type.application";
		};
/* End PBXNativeTarget section */

/* Begin PBXProject section */
		601BCE7E2752C05800D81501 /* Project object */ = {
			isa = PBXProject;
			attributes = {
				BuildIndependentTargetsInParallel = 1;
				LastSwiftUpdateCheck = 1310;
				LastUpgradeCheck = 1310;
				TargetAttributes = {
					601BCE852752C05800D81501 = {
						CreatedOnToolsVersion = 13.1;
					};
				};
			};
			buildConfigurationList = 601BCE812752C05800D81501 /* Build configuration list for PBXProject "Fructus" */;
			compatibilityVersion = "Xcode 13.0";
			developmentRegion = en;
			hasScannedForEncodings = 0;
			knownRegions = (
				en,
				Base,
			);
			mainGroup = 601BCE7D2752C05800D81501;
			productRefGroup = 601BCE872752C05800D81501 /* Products */;
			projectDirPath = "";
			projectRoot = "";
			targets = (
				601BCE852752C05800D81501 /* Fructus */,
			);
		};
/* End PBXProject section */

/* Begin PBXResourcesBuildPhase section */
		601BCE842752C05800D81501 /* Resources */ = {
			isa = PBXResourcesBuildPhase;
			buildActionMask = 2147483647;
			files = (
				601BCE912752C05900D81501 /* Preview Assets.xcassets in Resources */,
				601BCE8E2752C05900D81501 /* Assets.xcassets in Resources */,
			);
			runOnlyForDeploymentPostprocessing = 0;
		};
/* End PBXResourcesBuildPhase section */

/* Begin PBXSourcesBuildPhase section */
		601BCE822752C05800D81501 /* Sources */ = {
			isa = PBXSourcesBuildPhase;
			buildActionMask = 2147483647;
			files = (
				60C2B8F527550F6700F01C48 /* FruitNutrientsView.swift in Sources */,
				601BCEA42752CF9E00D81501 /* FruitData.swift in Sources */,
				60C2B8FB2755151500F01C48 /* SettingsRowView.swift in Sources */,
				60C2B8F327550C5600F01C48 /* SourceLinkView.swift in Sources */,
				601BCE9A2752C4F500D81501 /* FruitCardView.swift in Sources */,
				601BCEA62752D86900D81501 /* FruitRowView.swift in Sources */,
				601BCE9C2752C93A00D81501 /* StartButtonView.swift in Sources */,
				60A561D627541F86001FD5AC /* FruitDetailView.swift in Sources */,
				601BCE8C2752C05800D81501 /* ContentView.swift in Sources */,
				60C2B8F7275512F700F01C48 /* SettingView.swift in Sources */,
				60A561D8275424C8001FD5AC /* FruitHeaderView.swift in Sources */,
				60C2B8F9275514A700F01C48 /* SettingsLabelView.swift in Sources */,
				601BCE9E2752CCA700D81501 /* OnBordingView.swift in Sources */,
				601BCEA12752CEE500D81501 /* FruitModel.swift in Sources */,
				601BCE8A2752C05800D81501 /* FructusApp.swift in Sources */,
			);
			runOnlyForDeploymentPostprocessing = 0;
		};
/* End PBXSourcesBuildPhase section */

/* Begin XCBuildConfiguration section */
		601BCE922752C05900D81501 /* Debug */ = {
			isa = XCBuildConfiguration;
			buildSettings = {
				ALWAYS_SEARCH_USER_PATHS = NO;
				CLANG_ANALYZER_NONNULL = YES;
				CLANG_ANALYZER_NUMBER_OBJECT_CONVERSION = YES_AGGRESSIVE;
				CLANG_CXX_LANGUAGE_STANDARD = "gnu++17";
				CLANG_CXX_LIBRARY = "libc++";
				CLANG_ENABLE_MODULES = YES;
				CLANG_ENABLE_OBJC_ARC = YES;
				CLANG_ENABLE_OBJC_WEAK = YES;
				CLANG_WARN_BLOCK_CAPTURE_AUTORELEASING = YES;
				CLANG_WARN_BOOL_CONVERSION = YES;
				CLANG_WARN_COMMA = YES;
				CLANG_WARN_CONSTANT_CONVERSION = YES;
				CLANG_WARN_DEPRECATED_OBJC_IMPLEMENTATIONS = YES;
				CLANG_WARN_DIRECT_OBJC_ISA_USAGE = YES_ERROR;
				CLANG_WARN_DOCUMENTATION_COMMENTS = YES;
				CLANG_WARN_EMPTY_BODY = YES;
				CLANG_WARN_ENUM_CONVERSION = YES;
				CLANG_WARN_INFINITE_RECURSION = YES;
				CLANG_WARN_INT_CONVERSION = YES;
				CLANG_WARN_NON_LITERAL_NULL_CONVERSION = YES;
				CLANG_WARN_OBJC_IMPLICIT_RETAIN_SELF = YES;
				CLANG_WARN_OBJC_LITERAL_CONVERSION = YES;
				CLANG_WARN_OBJC_ROOT_CLASS = YES_ERROR;
				CLANG_WARN_QUOTED_INCLUDE_IN_FRAMEWORK_HEADER = YES;
				CLANG_WARN_RANGE_LOOP_ANALYSIS = YES;
				CLANG_WARN_STRICT_PROTOTYPES = YES;
				CLANG_WARN_SUSPICIOUS_MOVE = YES;
				CLANG_WARN_UNGUARDED_AVAILABILITY = YES_AGGRESSIVE;
				CLANG_WARN_UNREACHABLE_CODE = YES;
				CLANG_WARN__DUPLICATE_METHOD_MATCH = YES;
				COPY_PHASE_STRIP = NO;
				DEBUG_INFORMATION_FORMAT = dwarf;
				ENABLE_STRICT_OBJC_MSGSEND = YES;
				ENABLE_TESTABILITY = YES;
				GCC_C_LANGUAGE_STANDARD = gnu11;
				GCC_DYNAMIC_NO_PIC = NO;
				GCC_NO_COMMON_BLOCKS = YES;
				GCC_OPTIMIZATION_LEVEL = 0;
				GCC_PREPROCESSOR_DEFINITIONS = (
					"DEBUG=1",
					"$(inherited)",
				);
				GCC_WARN_64_TO_32_BIT_CONVERSION = YES;
				GCC_WARN_ABOUT_RETURN_TYPE = YES_ERROR;
				GCC_WARN_UNDECLARED_SELECTOR = YES;
				GCC_WARN_UNINITIALIZED_AUTOS = YES_AGGRESSIVE;
				GCC_WARN_UNUSED_FUNCTION = YES;
				GCC_WARN_UNUSED_VARIABLE = YES;
				IPHONEOS_DEPLOYMENT_TARGET = 15.0;
				MTL_ENABLE_DEBUG_INFO = INCLUDE_SOURCE;
				MTL_FAST_MATH = YES;
				ONLY_ACTIVE_ARCH = YES;
				SDKROOT = iphoneos;
				SWIFT_ACTIVE_COMPILATION_CONDITIONS = DEBUG;
				SWIFT_OPTIMIZATION_LEVEL = "-Onone";
			};
			name = Debug;
		};
		601BCE932752C05900D81501 /* Release */ = {
			isa = XCBuildConfiguration;
			buildSettings = {
				ALWAYS_SEARCH_USER_PATHS = NO;
				CLANG_ANALYZER_NONNULL = YES;
				CLANG_ANALYZER_NUMBER_OBJECT_CONVERSION = YES_AGGRESSIVE;
				CLANG_CXX_LANGUAGE_STANDARD = "gnu++17";
				CLANG_CXX_LIBRARY = "libc++";
				CLANG_ENABLE_MODULES = YES;
				CLANG_ENABLE_OBJC_ARC = YES;
				CLANG_ENABLE_OBJC_WEAK = YES;
				CLANG_WARN_BLOCK_CAPTURE_AUTORELEASING = YES;
				CLANG_WARN_BOOL_CONVERSION = YES;
				CLANG_WARN_COMMA = YES;
				CLANG_WARN_CONSTANT_CONVERSION = YES;
				CLANG_WARN_DEPRECATED_OBJC_IMPLEMENTATIONS = YES;
				CLANG_WARN_DIRECT_OBJC_ISA_USAGE = YES_ERROR;
				CLANG_WARN_DOCUMENTATION_COMMENTS = YES;
				CLANG_WARN_EMPTY_BODY = YES;
				CLANG_WARN_ENUM_CONVERSION = YES;
				CLANG_WARN_INFINITE_RECURSION = YES;
				CLANG_WARN_INT_CONVERSION = YES;
				CLANG_WARN_NON_LITERAL_NULL_CONVERSION = YES;
				CLANG_WARN_OBJC_IMPLICIT_RETAIN_SELF = YES;
				CLANG_WARN_OBJC_LITERAL_CONVERSION = YES;
				CLANG_WARN_OBJC_ROOT_CLASS = YES_ERROR;
				CLANG_WARN_QUOTED_INCLUDE_IN_FRAMEWORK_HEADER = YES;
				CLANG_WARN_RANGE_LOOP_ANALYSIS = YES;
				CLANG_WARN_STRICT_PROTOTYPES = YES;
				CLANG_WARN_SUSPICIOUS_MOVE = YES;
				CLANG_WARN_UNGUARDED_AVAILABILITY = YES_AGGRESSIVE;
				CLANG_WARN_UNREACHABLE_CODE = YES;
				CLANG_WARN__DUPLICATE_METHOD_MATCH = YES;
				COPY_PHASE_STRIP = NO;
				DEBUG_INFORMATION_FORMAT = "dwarf-with-dsym";
				ENABLE_NS_ASSERTIONS = NO;
				ENABLE_STRICT_OBJC_MSGSEND = YES;
				GCC_C_LANGUAGE_STANDARD = gnu11;
				GCC_NO_COMMON_BLOCKS = YES;
				GCC_WARN_64_TO_32_BIT_CONVERSION = YES;
				GCC_WARN_ABOUT_RETURN_TYPE = YES_ERROR;
				GCC_WARN_UNDECLARED_SELECTOR = YES;
				GCC_WARN_UNINITIALIZED_AUTOS = YES_AGGRESSIVE;
				GCC_WARN_UNUSED_FUNCTION = YES;
				GCC_WARN_UNUSED_VARIABLE = YES;
				IPHONEOS_DEPLOYMENT_TARGET = 15.0;
				MTL_ENABLE_DEBUG_INFO = NO;
				MTL_FAST_MATH = YES;
				SDKROOT = iphoneos;
				SWIFT_COMPILATION_MODE = wholemodule;
				SWIFT_OPTIMIZATION_LEVEL = "-O";
				VALIDATE_PRODUCT = YES;
			};
			name = Release;
		};
		601BCE952752C05900D81501 /* Debug */ = {
			isa = XCBuildConfiguration;
			buildSettings = {
				ASSETCATALOG_COMPILER_APPICON_NAME = AppIcon;
				ASSETCATALOG_COMPILER_GLOBAL_ACCENT_COLOR_NAME = AccentColor;
				CODE_SIGN_STYLE = Automatic;
				CURRENT_PROJECT_VERSION = 1;
				DEVELOPMENT_ASSET_PATHS = "\"Fructus/Preview Content\"";
				DEVELOPMENT_TEAM = KDDJT2F3RJ;
				ENABLE_PREVIEWS = YES;
				GENERATE_INFOPLIST_FILE = YES;
				INFOPLIST_KEY_UIApplicationSceneManifest_Generation = YES;
				INFOPLIST_KEY_UIApplicationSupportsIndirectInputEvents = YES;
				INFOPLIST_KEY_UILaunchScreen_Generation = YES;
				INFOPLIST_KEY_UISupportedInterfaceOrientations = UIInterfaceOrientationPortrait;
				INFOPLIST_KEY_UISupportedInterfaceOrientations_iPad = "UIInterfaceOrientationPortrait UIInterfaceOrientationPortraitUpsideDown UIInterfaceOrientationLandscapeLeft UIInterfaceOrientationLandscapeRight";
				INFOPLIST_KEY_UISupportedInterfaceOrientations_iPhone = "UIInterfaceOrientationPortrait UIInterfaceOrientationLandscapeLeft UIInterfaceOrientationLandscapeRight";
				LD_RUNPATH_SEARCH_PATHS = (
					"$(inherited)",
					"@executable_path/Frameworks",
				);
				MARKETING_VERSION = 1.0;
				PRODUCT_BUNDLE_IDENTIFIER = com.tonoy.fructus.Fructus;
				PRODUCT_NAME = "$(TARGET_NAME)";
				SWIFT_EMIT_LOC_STRINGS = YES;
				SWIFT_VERSION = 5.0;
				TARGETED_DEVICE_FAMILY = "1,2";
			};
			name = Debug;
		};
		601BCE962752C05900D81501 /* Release */ = {
			isa = XCBuildConfiguration;
			buildSettings = {
				ASSETCATALOG_COMPILER_APPICON_NAME = AppIcon;
				ASSETCATALOG_COMPILER_GLOBAL_ACCENT_COLOR_NAME = AccentColor;
				CODE_SIGN_STYLE = Automatic;
				CURRENT_PROJECT_VERSION = 1;
				DEVELOPMENT_ASSET_PATHS = "\"Fructus/Preview Content\"";
				DEVELOPMENT_TEAM = KDDJT2F3RJ;
				ENABLE_PREVIEWS = YES;
				GENERATE_INFOPLIST_FILE = YES;
				INFOPLIST_KEY_UIApplicationSceneManifest_Generation = YES;
				INFOPLIST_KEY_UIApplicationSupportsIndirectInputEvents = YES;
				INFOPLIST_KEY_UILaunchScreen_Generation = YES;
				INFOPLIST_KEY_UISupportedInterfaceOrientations = UIInterfaceOrientationPortrait;
				INFOPLIST_KEY_UISupportedInterfaceOrientations_iPad = "UIInterfaceOrientationPortrait UIInterfaceOrientationPortraitUpsideDown UIInterfaceOrientationLandscapeLeft UIInterfaceOrientationLandscapeRight";
				INFOPLIST_KEY_UISupportedInterfaceOrientations_iPhone = "UIInterfaceOrientationPortrait UIInterfaceOrientationLandscapeLeft UIInterfaceOrientationLandscapeRight";
				LD_RUNPATH_SEARCH_PATHS = (
					"$(inherited)",
					"@executable_path/Frameworks",
				);
				MARKETING_VERSION = 1.0;
				PRODUCT_BUNDLE_IDENTIFIER = com.tonoy.fructus.Fructus;
				PRODUCT_NAME = "$(TARGET_NAME)";
				SWIFT_EMIT_LOC_STRINGS = YES;
				SWIFT_VERSION = 5.0;
				TARGETED_DEVICE_FAMILY = "1,2";
			};
			name = Release;
		};
/* End XCBuildConfiguration section */

/* Begin XCConfigurationList section */
		601BCE812752C05800D81501 /* Build configuration list for PBXProject "Fructus" */ = {
			isa = XCConfigurationList;
			buildConfigurations = (
				601BCE922752C05900D81501 /* Debug */,
				601BCE932752C05900D81501 /* Release */,
			);
			defaultConfigurationIsVisible = 0;
			defaultConfigurationName = Release;
		};
		601BCE942752C05900D81501 /* Build configuration list for PBXNativeTarget "Fructus" */ = {
			isa = XCConfigurationList;
			buildConfigurations = (
				601BCE952752C05900D81501 /* Debug */,
				601BCE962752C05900D81501 /* Release */,
			);
			defaultConfigurationIsVisible = 0;
			defaultConfigurationName = Release;
		};
/* End XCConfigurationList section */
	};
	rootObject = 601BCE7E2752C05800D81501 /* Project object */;
}
